
Microsoft Visual Studio Solution File, Format Version 12.00
# Visual Studio Version 17
VisualStudioVersion = 17.9.34622.214
MinimumVisualStudioVersion = 10.0.40219.1
Project("{9A19103F-16F7-4668-BE54-9A1E7A4F7556}") = "CrudBlazorView", "CrudBlazorView.csproj", "{CC21FE81-0F91-43FB-9D62-AD92C24ABBB5}"
EndProject
Global
	GlobalSection(SolutionConfigurationPlatforms) = preSolution
		Debug|Any CPU = Debug|Any CPU
		Release|Any CPU = Release|Any CPU
	EndGlobalSection
	GlobalSection(ProjectConfigurationPlatforms) = postSolution
		{CC21FE81-0F91-43FB-9D62-AD92C24ABBB5}.Debug|Any CPU.ActiveCfg = Debug|Any CPU
		{CC21FE81-0F91-43FB-9D62-AD92C24ABBB5}.Debug|Any CPU.Build.0 = Debug|Any CPU
		{CC21FE81-0F91-43FB-9D62-AD92C24ABBB5}.Release|Any CPU.ActiveCfg = Release|Any CPU
		{CC21FE81-0F91-43FB-9D62-AD92C24ABBB5}.Release|Any CPU.Build.0 = Release|Any CPU
	EndGlobalSection
	GlobalSection(SolutionProperties) = preSolution
		HideSolutionNode = FALSE
	EndGlobalSection
	GlobalSection(ExtensibilityGlobals) = postSolution
		SolutionGuid = {D54D1E82-3A20-4ED0-A6F5-CCD5908AE8F9}
	EndGlobalSection
EndGlobal
